github.com/bradfitz/iter v0.0.0-20190303215204-33e6a9893b0c h1:FUUopH4brHNO2kJoNN3pV+OBEYmgraLT/KHZrMM69r0=
github.com/bradfitz/iter v0.0.0-20190303215204-33e6a9893b0c/go.mod h1:PyRFw1Lt2wKX4ZVSQ2mk+PeDa1rxyObEDlApuIsUKuo=
github.com/dy-fi/salvo v0.0.0-20190226234805-1975c5feae3f h1:phNHqfdgttGRF1WbL/oOslh3G9w1mQTZtkvY8CS87as=
github.com/dy-fi/salvo v0.0.0-20190226234805-1975c5feae3f/go.mod h1:Jt6pkyng2jGt103V6X0TB9ODABSn0Gs2Xd3VEZRq5Ro=
